<?xml version="1.0" encoding="utf-8"?>
<Project ToolsVersion="4.0" xmlns="http://schemas.microsoft.com/developer/msbuild/2003">
  <ItemGroup>
    <Filter Include="Source Files">
      <UniqueIdentifier>{4FC737F1-C7A5-4376-A066-2A32D752A2FF}</UniqueIdentifier>
      <Extensions>cpp;c;cc;cxx;c++;cppm;ixx;def;odl;idl;hpj;bat;asm;asmx</Extensions>
    </Filter>
    <Filter Include="Header Files">
      <UniqueIdentifier>{93995380-89BD-4b04-88EB-625FBE52EBFB}</UniqueIdentifier>
      <Extensions>h;hh;hpp;hxx;h++;hm;inl;inc;ipp;xsd</Extensions>
    </Filter>
    <Filter Include="Resource Files">
      <UniqueIdentifier>{67DA6AB6-F800-4c08-8B7A-83BB121AAD01}</UniqueIdentifier>
      <Extensions>rc;ico;cur;bmp;dlg;rc2;rct;bin;rgs;gif;jpg;jpeg;jpe;resx;tiff;tif;png;wav;mfcribbon-ms</Extensions>
    </Filter>
  </ItemGroup>
  <ItemGroup>
    <ClInclude Include="AmbienteController.h">
      <Filter>Header Files</Filter>
    </ClInclude>
    <ClInclude Include="ClienteController.h">
      <Filter>Header Files</Filter>
    </ClInclude>
    <ClInclude Include="CronogramaController.h">
      <Filter>Header Files</Filter>
    </ClInclude>
    <ClInclude Include="DepartamentoController.h">
      <Filter>Header Files</Filter>
    </ClInclude>
    <ClInclude Include="EdificioController.h">
      <Filter>Header Files</Filter>
    </ClInclude>
    <ClInclude Include="EtapaController.h">
      <Filter>Header Files</Filter>
    </ClInclude>
    <ClInclude Include="PersonaController.h">
      <Filter>Header Files</Filter>
    </ClInclude>
    <ClInclude Include="ProyectoController.h">
      <Filter>Header Files</Filter>
    </ClInclude>
    <ClInclude Include="TareaController.h">
      <Filter>Header Files</Filter>
    </ClInclude>
    <ClInclude Include="UbicacionController.h">
      <Filter>Header Files</Filter>
    </ClInclude>
    <ClInclude Include="VendedorController.h">
      <Filter>Header Files</Filter>
    </ClInclude>
  </ItemGroup>
  <ItemGroup>
    <ClCompile Include="VendedorController.cpp">
      <Filter>Source Files</Filter>
    </ClCompile>
    <ClCompile Include="UbicacionController.cpp">
      <Filter>Source Files</Filter>
    </ClCompile>
    <ClCompile Include="TareaController.cpp">
      <Filter>Source Files</Filter>
    </ClCompile>
    <ClCompile Include="ProyectoController.cpp">
      <Filter>Source Files</Filter>
    </ClCompile>
    <ClCompile Include="PersonaController.cpp">
      <Filter>Source Files</Filter>
    </ClCompile>
    <ClCompile Include="EtapaController.cpp">
      <Filter>Source Files</Filter>
    </ClCompile>
    <ClCompile Include="EdificioController.cpp">
      <Filter>Source Files</Filter>
    </ClCompile>
    <ClCompile Include="DepartamentoController.cpp">
      <Filter>Source Files</Filter>
    </ClCompile>
    <ClCompile Include="CronogramaController.cpp">
      <Filter>Source Files</Filter>
    </ClCompile>
    <ClCompile Include="ClienteController.cpp">
      <Filter>Source Files</Filter>
    </ClCompile>
    <ClCompile Include="AmbienteController.cpp">
      <Filter>Source Files</Filter>
    </ClCompile>
  </ItemGroup>
</Project>